
Microsoft Visual Studio Solution File, Format Version 12.00
# Visual Studio Version 17
VisualStudioVersion = 17.5.33516.290
MinimumVisualStudioVersion = 10.0.40219.1
Project("{2150E333-8FDC-42A3-9474-1A3956D46DE8}") = "DTO", "DTO", "{E4FFDAA5-0D57-4FE8-9BEE-BABF352478D8}"
EndProject
Project("{9A19103F-16F7-4668-BE54-9A1E7A4F7556}") = "EFCore.DTO.Data", "src\EFCore.DTO.Data\EFCore.DTO.Data.csproj", "{75426040-94FA-4ECA-AE21-7FC9E9C9F9A5}"
EndProject
Project("{9A19103F-16F7-4668-BE54-9A1E7A4F7556}") = "EFCore.DTO.Raw", "src\EFCore.DTO.Raw\EFCore.DTO.Raw.csproj", "{E45D9F12-0A55-4279-A621-BC0C73A29877}"
EndProject
Project("{9A19103F-16F7-4668-BE54-9A1E7A4F7556}") = "EFCore.DTO.Raw.Tests", "src\EFCore.DTO.Raw.Tests\EFCore.DTO.Raw.Tests.csproj", "{39AAC00A-669F-42B5-8C74-7D026710BED5}"
EndProject
Project("{9A19103F-16F7-4668-BE54-9A1E7A4F7556}") = "EFCore.DTO.Data.MigrationDummy", "src\EFCore.DTO.Data.MigrationDummy\EFCore.DTO.Data.MigrationDummy.csproj", "{B1C84F89-3029-4D6A-AAFF-61EEE80820E2}"
EndProject
Project("{9A19103F-16F7-4668-BE54-9A1E7A4F7556}") = "EFCore.DTO.Wrapper", "src\EFCore.DTO.Wrapper\EFCore.DTO.Wrapper.csproj", "{92EE5CEC-03AC-469C-B130-B5E2589B3C78}"
EndProject
Project("{2150E333-8FDC-42A3-9474-1A3956D46DE8}") = "Domain", "Domain", "{A9EA77AC-62AD-4B86-8D84-423DF7C0D0EC}"
EndProject
Project("{9A19103F-16F7-4668-BE54-9A1E7A4F7556}") = "EFCore.DTO.Wrapper.Tests", "src\EFCore.DTO.Wrapper.Tests\EFCore.DTO.Wrapper.Tests.csproj", "{FF62CDFF-1848-47CC-A344-B0946BB9F3E3}"
EndProject
Project("{9A19103F-16F7-4668-BE54-9A1E7A4F7556}") = "EFCore.Domain", "src\EFCore.Domain\EFCore.Domain.csproj", "{671F83D1-299A-4BCA-8356-BF36ABA0646D}"
EndProject
Project("{9A19103F-16F7-4668-BE54-9A1E7A4F7556}") = "EFCore.Domain.Tests", "src\EFCore.Domain.Tests\EFCore.Domain.Tests.csproj", "{F5C59F29-6C7A-42BC-94A4-C25316EEC912}"
EndProject
Global
	GlobalSection(SolutionConfigurationPlatforms) = preSolution
		Debug|Any CPU = Debug|Any CPU
		Release|Any CPU = Release|Any CPU
	EndGlobalSection
	GlobalSection(ProjectConfigurationPlatforms) = postSolution
		{75426040-94FA-4ECA-AE21-7FC9E9C9F9A5}.Debug|Any CPU.ActiveCfg = Debug|Any CPU
		{75426040-94FA-4ECA-AE21-7FC9E9C9F9A5}.Debug|Any CPU.Build.0 = Debug|Any CPU
		{75426040-94FA-4ECA-AE21-7FC9E9C9F9A5}.Release|Any CPU.ActiveCfg = Release|Any CPU
		{75426040-94FA-4ECA-AE21-7FC9E9C9F9A5}.Release|Any CPU.Build.0 = Release|Any CPU
		{E45D9F12-0A55-4279-A621-BC0C73A29877}.Debug|Any CPU.ActiveCfg = Debug|Any CPU
		{E45D9F12-0A55-4279-A621-BC0C73A29877}.Debug|Any CPU.Build.0 = Debug|Any CPU
		{E45D9F12-0A55-4279-A621-BC0C73A29877}.Release|Any CPU.ActiveCfg = Release|Any CPU
		{E45D9F12-0A55-4279-A621-BC0C73A29877}.Release|Any CPU.Build.0 = Release|Any CPU
		{39AAC00A-669F-42B5-8C74-7D026710BED5}.Debug|Any CPU.ActiveCfg = Debug|Any CPU
		{39AAC00A-669F-42B5-8C74-7D026710BED5}.Debug|Any CPU.Build.0 = Debug|Any CPU
		{39AAC00A-669F-42B5-8C74-7D026710BED5}.Release|Any CPU.ActiveCfg = Release|Any CPU
		{39AAC00A-669F-42B5-8C74-7D026710BED5}.Release|Any CPU.Build.0 = Release|Any CPU
		{B1C84F89-3029-4D6A-AAFF-61EEE80820E2}.Debug|Any CPU.ActiveCfg = Debug|Any CPU
		{B1C84F89-3029-4D6A-AAFF-61EEE80820E2}.Debug|Any CPU.Build.0 = Debug|Any CPU
		{B1C84F89-3029-4D6A-AAFF-61EEE80820E2}.Release|Any CPU.ActiveCfg = Release|Any CPU
		{B1C84F89-3029-4D6A-AAFF-61EEE80820E2}.Release|Any CPU.Build.0 = Release|Any CPU
		{92EE5CEC-03AC-469C-B130-B5E2589B3C78}.Debug|Any CPU.ActiveCfg = Debug|Any CPU
		{92EE5CEC-03AC-469C-B130-B5E2589B3C78}.Debug|Any CPU.Build.0 = Debug|Any CPU
		{92EE5CEC-03AC-469C-B130-B5E2589B3C78}.Release|Any CPU.ActiveCfg = Release|Any CPU
		{92EE5CEC-03AC-469C-B130-B5E2589B3C78}.Release|Any CPU.Build.0 = Release|Any CPU
		{FF62CDFF-1848-47CC-A344-B0946BB9F3E3}.Debug|Any CPU.ActiveCfg = Debug|Any CPU
		{FF62CDFF-1848-47CC-A344-B0946BB9F3E3}.Debug|Any CPU.Build.0 = Debug|Any CPU
		{FF62CDFF-1848-47CC-A344-B0946BB9F3E3}.Release|Any CPU.ActiveCfg = Release|Any CPU
		{FF62CDFF-1848-47CC-A344-B0946BB9F3E3}.Release|Any CPU.Build.0 = Release|Any CPU
		{671F83D1-299A-4BCA-8356-BF36ABA0646D}.Debug|Any CPU.ActiveCfg = Debug|Any CPU
		{671F83D1-299A-4BCA-8356-BF36ABA0646D}.Debug|Any CPU.Build.0 = Debug|Any CPU
		{671F83D1-299A-4BCA-8356-BF36ABA0646D}.Release|Any CPU.ActiveCfg = Release|Any CPU
		{671F83D1-299A-4BCA-8356-BF36ABA0646D}.Release|Any CPU.Build.0 = Release|Any CPU
		{F5C59F29-6C7A-42BC-94A4-C25316EEC912}.Debug|Any CPU.ActiveCfg = Debug|Any CPU
		{F5C59F29-6C7A-42BC-94A4-C25316EEC912}.Debug|Any CPU.Build.0 = Debug|Any CPU
		{F5C59F29-6C7A-42BC-94A4-C25316EEC912}.Release|Any CPU.ActiveCfg = Release|Any CPU
		{F5C59F29-6C7A-42BC-94A4-C25316EEC912}.Release|Any CPU.Build.0 = Release|Any CPU
	EndGlobalSection
	GlobalSection(SolutionProperties) = preSolution
		HideSolutionNode = FALSE
	EndGlobalSection
	GlobalSection(NestedProjects) = preSolution
		{75426040-94FA-4ECA-AE21-7FC9E9C9F9A5} = {E4FFDAA5-0D57-4FE8-9BEE-BABF352478D8}
		{E45D9F12-0A55-4279-A621-BC0C73A29877} = {E4FFDAA5-0D57-4FE8-9BEE-BABF352478D8}
		{39AAC00A-669F-42B5-8C74-7D026710BED5} = {E4FFDAA5-0D57-4FE8-9BEE-BABF352478D8}
		{B1C84F89-3029-4D6A-AAFF-61EEE80820E2} = {E4FFDAA5-0D57-4FE8-9BEE-BABF352478D8}
		{92EE5CEC-03AC-469C-B130-B5E2589B3C78} = {E4FFDAA5-0D57-4FE8-9BEE-BABF352478D8}
		{FF62CDFF-1848-47CC-A344-B0946BB9F3E3} = {E4FFDAA5-0D57-4FE8-9BEE-BABF352478D8}
		{671F83D1-299A-4BCA-8356-BF36ABA0646D} = {A9EA77AC-62AD-4B86-8D84-423DF7C0D0EC}
		{F5C59F29-6C7A-42BC-94A4-C25316EEC912} = {A9EA77AC-62AD-4B86-8D84-423DF7C0D0EC}
	EndGlobalSection
	GlobalSection(ExtensibilityGlobals) = postSolution
		SolutionGuid = {08351685-198A-4407-A1E0-7F243DB338A7}
	EndGlobalSection
EndGlobal
